// !$*UTF8*$!
{
	archiveVersion = 1;
	classes = {
	};
	objectVersion = 46;
	objects = {

/* Begin PBXBuildFile section */
		AC04BCED626AF70FD3262CFF /* libPods.a in Frameworks */ = {isa = PBXBuildFile; fileRef = 739ECACC688DDFD9F5331E4E /* libPods.a */; settings = {ATTRIBUTES = (Required, ); }; };
		B78E0B621BB4F90300DF0356 /* ContentTableViewCell.swift in Sources */ = {isa = PBXBuildFile; fileRef = B78E0B601BB4F90300DF0356 /* ContentTableViewCell.swift */; settings = {ASSET_TAGS = (); }; };
		B78E0B631BB4F90300DF0356 /* ContentTableViewCell.xib in Resources */ = {isa = PBXBuildFile; fileRef = B78E0B611BB4F90300DF0356 /* ContentTableViewCell.xib */; settings = {ASSET_TAGS = (); }; };
		B798472D1BAD094000B6ED60 /* NetWorkRequestHelper.swift in Sources */ = {isa = PBXBuildFile; fileRef = B798472C1BAD094000B6ED60 /* NetWorkRequestHelper.swift */; settings = {ASSET_TAGS = (); }; };
		B798472F1BAD095400B6ED60 /* NetWorkRequestInfo.swift in Sources */ = {isa = PBXBuildFile; fileRef = B798472E1BAD095400B6ED60 /* NetWorkRequestInfo.swift */; settings = {ASSET_TAGS = (); }; };
		B7B780871BAE63B6007B2CB4 /* Foundation.framework in Frameworks */ = {isa = PBXBuildFile; fileRef = B7B780861BAE63B6007B2CB4 /* Foundation.framework */; settings = {ATTRIBUTES = (Weak, ); }; };
		B7B780891BAE6644007B2CB4 /* CoreFoundation.framework in Frameworks */ = {isa = PBXBuildFile; fileRef = B7B780881BAE6643007B2CB4 /* CoreFoundation.framework */; settings = {ATTRIBUTES = (Weak, ); }; };
		B7B7808B1BAE6669007B2CB4 /* Images.xcassets in Resources */ = {isa = PBXBuildFile; fileRef = B7B7808A1BAE6669007B2CB4 /* Images.xcassets */; settings = {ASSET_TAGS = (); }; };
		B7B7808D1BAE6692007B2CB4 /* Default-568h@2x.png in Resources */ = {isa = PBXBuildFile; fileRef = B7B7808C1BAE6692007B2CB4 /* Default-568h@2x.png */; settings = {ASSET_TAGS = (); }; };
		B7D3A3491BA68387008634B9 /* AppDelegate.swift in Sources */ = {isa = PBXBuildFile; fileRef = B7D3A3481BA68387008634B9 /* AppDelegate.swift */; };
		B7D3A3501BA68387008634B9 /* Assets.xcassets in Resources */ = {isa = PBXBuildFile; fileRef = B7D3A34F1BA68387008634B9 /* Assets.xcassets */; };
		B7D3A3531BA68387008634B9 /* LaunchScreen.storyboard in Resources */ = {isa = PBXBuildFile; fileRef = B7D3A3511BA68387008634B9 /* LaunchScreen.storyboard */; };
		B7D3A3701BA6A339008634B9 /* Constraint.swift in Sources */ = {isa = PBXBuildFile; fileRef = B7D3A3621BA6A339008634B9 /* Constraint.swift */; };
		B7D3A3711BA6A339008634B9 /* ConstraintAttributes.swift in Sources */ = {isa = PBXBuildFile; fileRef = B7D3A3631BA6A339008634B9 /* ConstraintAttributes.swift */; };
		B7D3A3721BA6A339008634B9 /* ConstraintDescription.swift in Sources */ = {isa = PBXBuildFile; fileRef = B7D3A3641BA6A339008634B9 /* ConstraintDescription.swift */; };
		B7D3A3731BA6A339008634B9 /* ConstraintItem.swift in Sources */ = {isa = PBXBuildFile; fileRef = B7D3A3651BA6A339008634B9 /* ConstraintItem.swift */; };
		B7D3A3741BA6A339008634B9 /* ConstraintMaker.swift in Sources */ = {isa = PBXBuildFile; fileRef = B7D3A3661BA6A339008634B9 /* ConstraintMaker.swift */; };
		B7D3A3751BA6A339008634B9 /* ConstraintRelation.swift in Sources */ = {isa = PBXBuildFile; fileRef = B7D3A3671BA6A339008634B9 /* ConstraintRelation.swift */; };
		B7D3A3761BA6A339008634B9 /* Debugging.swift in Sources */ = {isa = PBXBuildFile; fileRef = B7D3A3681BA6A339008634B9 /* Debugging.swift */; };
		B7D3A3771BA6A339008634B9 /* EdgeInsets.swift in Sources */ = {isa = PBXBuildFile; fileRef = B7D3A3691BA6A339008634B9 /* EdgeInsets.swift */; };
		B7D3A3781BA6A339008634B9 /* Info.plist in Resources */ = {isa = PBXBuildFile; fileRef = B7D3A36A1BA6A339008634B9 /* Info.plist */; };
		B7D3A3791BA6A339008634B9 /* LayoutConstraint.swift in Sources */ = {isa = PBXBuildFile; fileRef = B7D3A36B1BA6A339008634B9 /* LayoutConstraint.swift */; };
		B7D3A37A1BA6A339008634B9 /* SnapKit.swift in Sources */ = {isa = PBXBuildFile; fileRef = B7D3A36D1BA6A339008634B9 /* SnapKit.swift */; };
		B7D3A37B1BA6A339008634B9 /* View+SnapKit.swift in Sources */ = {isa = PBXBuildFile; fileRef = B7D3A36E1BA6A339008634B9 /* View+SnapKit.swift */; };
		B7D3A37C1BA6A339008634B9 /* ViewController+SnapKit.swift in Sources */ = {isa = PBXBuildFile; fileRef = B7D3A36F1BA6A339008634B9 /* ViewController+SnapKit.swift */; };
		B7D3A37E1BA6A845008634B9 /* InterFace.swift in Sources */ = {isa = PBXBuildFile; fileRef = B7D3A37D1BA6A845008634B9 /* InterFace.swift */; };
		B7D3A3891BA6A8DD008634B9 /* HomeViewController.swift in Sources */ = {isa = PBXBuildFile; fileRef = B7D3A3871BA6A8DD008634B9 /* HomeViewController.swift */; };
		B7D3A38A1BA6A8DD008634B9 /* HomeViewController.xib in Resources */ = {isa = PBXBuildFile; fileRef = B7D3A3881BA6A8DD008634B9 /* HomeViewController.xib */; };
		B7D3A38D1BA6A8F2008634B9 /* ItemViewController.swift in Sources */ = {isa = PBXBuildFile; fileRef = B7D3A38B1BA6A8F2008634B9 /* ItemViewController.swift */; };
		B7D3A38E1BA6A8F2008634B9 /* ItemViewController.xib in Resources */ = {isa = PBXBuildFile; fileRef = B7D3A38C1BA6A8F2008634B9 /* ItemViewController.xib */; };
		B7D3A3911BA6A8FF008634B9 /* TypeViewController.swift in Sources */ = {isa = PBXBuildFile; fileRef = B7D3A38F1BA6A8FF008634B9 /* TypeViewController.swift */; };
		B7D3A3921BA6A8FF008634B9 /* TypeViewController.xib in Resources */ = {isa = PBXBuildFile; fileRef = B7D3A3901BA6A8FF008634B9 /* TypeViewController.xib */; };
		B7D3A3951BA6A90A008634B9 /* MyViewController.swift in Sources */ = {isa = PBXBuildFile; fileRef = B7D3A3931BA6A90A008634B9 /* MyViewController.swift */; };
		B7D3A3961BA6A90A008634B9 /* MyViewController.xib in Resources */ = {isa = PBXBuildFile; fileRef = B7D3A3941BA6A90A008634B9 /* MyViewController.xib */; };
		B7E184F61BA6BBEF002E7169 /* SegView.swift in Sources */ = {isa = PBXBuildFile; fileRef = B7E184F51BA6BBEF002E7169 /* SegView.swift */; settings = {ASSET_TAGS = (); }; };
		B7F4927B1BAE97C00035E409 /* LWSHomeModel.swift in Sources */ = {isa = PBXBuildFile; fileRef = B7F4927A1BAE97C00035E409 /* LWSHomeModel.swift */; settings = {ASSET_TAGS = (); }; };
		B7F492801BAEB1C50035E409 /* ScrollewTableViewCell.m in Sources */ = {isa = PBXBuildFile; fileRef = B7F4927F1BAEB1C50035E409 /* ScrollewTableViewCell.m */; settings = {ASSET_TAGS = (); }; };
		B7F492851BAEBC1C0035E409 /* ScrollerModelHeader.m in Sources */ = {isa = PBXBuildFile; fileRef = B7F492841BAEBC1C0035E409 /* ScrollerModelHeader.m */; settings = {ASSET_TAGS = (); }; };
/* End PBXBuildFile section */

/* Begin PBXFileReference section */
		65C9F00BCEC27D9DC6FEC986 /* Pods.release.xcconfig */ = {isa = PBXFileReference; includeInIndex = 1; lastKnownFileType = text.xcconfig; name = Pods.release.xcconfig; path = "Pods/Target Support Files/Pods/Pods.release.xcconfig"; sourceTree = "<group>"; };
		739ECACC688DDFD9F5331E4E /* libPods.a */ = {isa = PBXFileReference; explicitFileType = archive.ar; includeInIndex = 0; path = libPods.a; sourceTree = BUILT_PRODUCTS_DIR; };
		A5284BC48C4090C4408E1B6D /* Pods.debug.xcconfig */ = {isa = PBXFileReference; includeInIndex = 1; lastKnownFileType = text.xcconfig; name = Pods.debug.xcconfig; path = "Pods/Target Support Files/Pods/Pods.debug.xcconfig"; sourceTree = "<group>"; };
		B78E0B601BB4F90300DF0356 /* ContentTableViewCell.swift */ = {isa = PBXFileReference; fileEncoding = 4; lastKnownFileType = sourcecode.swift; path = ContentTableViewCell.swift; sourceTree = "<group>"; };
		B78E0B611BB4F90300DF0356 /* ContentTableViewCell.xib */ = {isa = PBXFileReference; fileEncoding = 4; lastKnownFileType = file.xib; path = ContentTableViewCell.xib; sourceTree = "<group>"; };
		B798472C1BAD094000B6ED60 /* NetWorkRequestHelper.swift */ = {isa = PBXFileReference; fileEncoding = 4; lastKnownFileType = sourcecode.swift; path = NetWorkRequestHelper.swift; sourceTree = "<group>"; };
		B798472E1BAD095400B6ED60 /* NetWorkRequestInfo.swift */ = {isa = PBXFileReference; fileEncoding = 4; lastKnownFileType = sourcecode.swift; path = NetWorkRequestInfo.swift; sourceTree = "<group>"; };
		B7B780861BAE63B6007B2CB4 /* Foundation.framework */ = {isa = PBXFileReference; lastKnownFileType = wrapper.framework; name = Foundation.framework; path = System/Library/Frameworks/Foundation.framework; sourceTree = SDKROOT; };
		B7B780881BAE6643007B2CB4 /* CoreFoundation.framework */ = {isa = PBXFileReference; lastKnownFileType = wrapper.framework; name = CoreFoundation.framework; path = System/Library/Frameworks/CoreFoundation.framework; sourceTree = SDKROOT; };
		B7B7808A1BAE6669007B2CB4 /* Images.xcassets */ = {isa = PBXFileReference; lastKnownFileType = folder.assetcatalog; path = Images.xcassets; sourceTree = "<group>"; };
		B7B7808C1BAE6692007B2CB4 /* Default-568h@2x.png */ = {isa = PBXFileReference; lastKnownFileType = image.png; path = "Default-568h@2x.png"; sourceTree = "<group>"; };
		B7D3A3451BA68387008634B9 /* LiWuShuoSwift.app */ = {isa = PBXFileReference; explicitFileType = wrapper.application; includeInIndex = 0; path = LiWuShuoSwift.app; sourceTree = BUILT_PRODUCTS_DIR; };
		B7D3A3481BA68387008634B9 /* AppDelegate.swift */ = {isa = PBXFileReference; lastKnownFileType = sourcecode.swift; path = AppDelegate.swift; sourceTree = "<group>"; };
		B7D3A34F1BA68387008634B9 /* Assets.xcassets */ = {isa = PBXFileReference; lastKnownFileType = folder.assetcatalog; path = Assets.xcassets; sourceTree = "<group>"; };
		B7D3A3521BA68387008634B9 /* Base */ = {isa = PBXFileReference; lastKnownFileType = file.storyboard; name = Base; path = Base.lproj/LaunchScreen.storyboard; sourceTree = "<group>"; };
		B7D3A3541BA68387008634B9 /* Info.plist */ = {isa = PBXFileReference; lastKnownFileType = text.plist.xml; path = Info.plist; sourceTree = "<group>"; };
		B7D3A35B1BA691F5008634B9 /* BridgingHeader.h */ = {isa = PBXFileReference; lastKnownFileType = sourcecode.c.h; path = BridgingHeader.h; sourceTree = "<group>"; };
		B7D3A35C1BA696AE008634B9 /* CommonDefine.h */ = {isa = PBXFileReference; lastKnownFileType = sourcecode.c.h; path = CommonDefine.h; sourceTree = "<group>"; };
		B7D3A35D1BA696AE008634B9 /* InterFaceDefine.h */ = {isa = PBXFileReference; lastKnownFileType = sourcecode.c.h; path = InterFaceDefine.h; sourceTree = "<group>"; };
		B7D3A3621BA6A339008634B9 /* Constraint.swift */ = {isa = PBXFileReference; fileEncoding = 4; lastKnownFileType = sourcecode.swift; path = Constraint.swift; sourceTree = "<group>"; };
		B7D3A3631BA6A339008634B9 /* ConstraintAttributes.swift */ = {isa = PBXFileReference; fileEncoding = 4; lastKnownFileType = sourcecode.swift; path = ConstraintAttributes.swift; sourceTree = "<group>"; };
		B7D3A3641BA6A339008634B9 /* ConstraintDescription.swift */ = {isa = PBXFileReference; fileEncoding = 4; lastKnownFileType = sourcecode.swift; path = ConstraintDescription.swift; sourceTree = "<group>"; };
		B7D3A3651BA6A339008634B9 /* ConstraintItem.swift */ = {isa = PBXFileReference; fileEncoding = 4; lastKnownFileType = sourcecode.swift; path = ConstraintItem.swift; sourceTree = "<group>"; };
		B7D3A3661BA6A339008634B9 /* ConstraintMaker.swift */ = {isa = PBXFileReference; fileEncoding = 4; lastKnownFileType = sourcecode.swift; path = ConstraintMaker.swift; sourceTree = "<group>"; };
		B7D3A3671BA6A339008634B9 /* ConstraintRelation.swift */ = {isa = PBXFileReference; fileEncoding = 4; lastKnownFileType = sourcecode.swift; path = ConstraintRelation.swift; sourceTree = "<group>"; };
		B7D3A3681BA6A339008634B9 /* Debugging.swift */ = {isa = PBXFileReference; fileEncoding = 4; lastKnownFileType = sourcecode.swift; path = Debugging.swift; sourceTree = "<group>"; };
		B7D3A3691BA6A339008634B9 /* EdgeInsets.swift */ = {isa = PBXFileReference; fileEncoding = 4; lastKnownFileType = sourcecode.swift; path = EdgeInsets.swift; sourceTree = "<group>"; };
		B7D3A36A1BA6A339008634B9 /* Info.plist */ = {isa = PBXFileReference; fileEncoding = 4; lastKnownFileType = text.plist.xml; path = Info.plist; sourceTree = "<group>"; };
		B7D3A36B1BA6A339008634B9 /* LayoutConstraint.swift */ = {isa = PBXFileReference; fileEncoding = 4; lastKnownFileType = sourcecode.swift; path = LayoutConstraint.swift; sourceTree = "<group>"; };
		B7D3A36C1BA6A339008634B9 /* SnapKit.h */ = {isa = PBXFileReference; fileEncoding = 4; lastKnownFileType = sourcecode.c.h; path = SnapKit.h; sourceTree = "<group>"; };
		B7D3A36D1BA6A339008634B9 /* SnapKit.swift */ = {isa = PBXFileReference; fileEncoding = 4; lastKnownFileType = sourcecode.swift; path = SnapKit.swift; sourceTree = "<group>"; };
		B7D3A36E1BA6A339008634B9 /* View+SnapKit.swift */ = {isa = PBXFileReference; fileEncoding = 4; lastKnownFileType = sourcecode.swift; path = "View+SnapKit.swift"; sourceTree = "<group>"; };
		B7D3A36F1BA6A339008634B9 /* ViewController+SnapKit.swift */ = {isa = PBXFileReference; fileEncoding = 4; lastKnownFileType = sourcecode.swift; path = "ViewController+SnapKit.swift"; sourceTree = "<group>"; };
		B7D3A37D1BA6A845008634B9 /* InterFace.swift */ = {isa = PBXFileReference; fileEncoding = 4; lastKnownFileType = sourcecode.swift; path = InterFace.swift; sourceTree = "<group>"; };
		B7D3A3871BA6A8DD008634B9 /* HomeViewController.swift */ = {isa = PBXFileReference; fileEncoding = 4; lastKnownFileType = sourcecode.swift; path = HomeViewController.swift; sourceTree = "<group>"; };
		B7D3A3881BA6A8DD008634B9 /* HomeViewController.xib */ = {isa = PBXFileReference; fileEncoding = 4; lastKnownFileType = file.xib; path = HomeViewController.xib; sourceTree = "<group>"; };
		B7D3A38B1BA6A8F2008634B9 /* ItemViewController.swift */ = {isa = PBXFileReference; fileEncoding = 4; lastKnownFileType = sourcecode.swift; path = ItemViewController.swift; sourceTree = "<group>"; };
		B7D3A38C1BA6A8F2008634B9 /* ItemViewController.xib */ = {isa = PBXFileReference; fileEncoding = 4; lastKnownFileType = file.xib; path = ItemViewController.xib; sourceTree = "<group>"; };
		B7D3A38F1BA6A8FF008634B9 /* TypeViewController.swift */ = {isa = PBXFileReference; fileEncoding = 4; lastKnownFileType = sourcecode.swift; path = TypeViewController.swift; sourceTree = "<group>"; };
		B7D3A3901BA6A8FF008634B9 /* TypeViewController.xib */ = {isa = PBXFileReference; fileEncoding = 4; lastKnownFileType = file.xib; path = TypeViewController.xib; sourceTree = "<group>"; };
		B7D3A3931BA6A90A008634B9 /* MyViewController.swift */ = {isa = PBXFileReference; fileEncoding = 4; lastKnownFileType = sourcecode.swift; path = MyViewController.swift; sourceTree = "<group>"; };
		B7D3A3941BA6A90A008634B9 /* MyViewController.xib */ = {isa = PBXFileReference; fileEncoding = 4; lastKnownFileType = file.xib; path = MyViewController.xib; sourceTree = "<group>"; };
		B7E184F51BA6BBEF002E7169 /* SegView.swift */ = {isa = PBXFileReference; fileEncoding = 4; lastKnownFileType = sourcecode.swift; path = SegView.swift; sourceTree = "<group>"; };
		B7F4927A1BAE97C00035E409 /* LWSHomeModel.swift */ = {isa = PBXFileReference; fileEncoding = 4; lastKnownFileType = sourcecode.swift; path = LWSHomeModel.swift; sourceTree = "<group>"; };
		B7F4927E1BAEB1C50035E409 /* ScrollewTableViewCell.h */ = {isa = PBXFileReference; fileEncoding = 4; lastKnownFileType = sourcecode.c.h; path = ScrollewTableViewCell.h; sourceTree = "<group>"; };
		B7F4927F1BAEB1C50035E409 /* ScrollewTableViewCell.m */ = {isa = PBXFileReference; fileEncoding = 4; lastKnownFileType = sourcecode.c.objc; path = ScrollewTableViewCell.m; sourceTree = "<group>"; };
		B7F492811BAEB5A40035E409 /* ScrollerModelHeader.h */ = {isa = PBXFileReference; fileEncoding = 4; lastKnownFileType = sourcecode.c.h; path = ScrollerModelHeader.h; sourceTree = "<group>"; };
		B7F492841BAEBC1C0035E409 /* ScrollerModelHeader.m */ = {isa = PBXFileReference; fileEncoding = 4; lastKnownFileType = sourcecode.c.objc; path = ScrollerModelHeader.m; sourceTree = "<group>"; };
/* End PBXFileReference section */

/* Begin PBXFrameworksBuildPhase section */
		B7D3A3421BA68387008634B9 /* Frameworks */ = {
			isa = PBXFrameworksBuildPhase;
			buildActionMask = 2147483647;
			files = (
				B7B780891BAE6644007B2CB4 /* CoreFoundation.framework in Frameworks */,
				B7B780871BAE63B6007B2CB4 /* Foundation.framework in Frameworks */,
				AC04BCED626AF70FD3262CFF /* libPods.a in Frameworks */,
			);
			runOnlyForDeploymentPostprocessing = 0;
		};
/* End PBXFrameworksBuildPhase section */

/* Begin PBXGroup section */
		4A06DD262E92CBAB6820E90B /* Pods */ = {
			isa = PBXGroup;
			children = (
				A5284BC48C4090C4408E1B6D /* Pods.debug.xcconfig */,
				65C9F00BCEC27D9DC6FEC986 /* Pods.release.xcconfig */,
			);
			name = Pods;
			sourceTree = "<group>";
		};
		B798472B1BAD092100B6ED60 /* NetWork */ = {
			isa = PBXGroup;
			children = (
				B798472C1BAD094000B6ED60 /* NetWorkRequestHelper.swift */,
				B798472E1BAD095400B6ED60 /* NetWorkRequestInfo.swift */,
			);
			name = NetWork;
			sourceTree = "<group>";
		};
		B7D3A33C1BA68387008634B9 = {
			isa = PBXGroup;
			children = (
				B7D3A3471BA68387008634B9 /* LiWuShuoSwift */,
				B7D3A3461BA68387008634B9 /* Products */,
				4A06DD262E92CBAB6820E90B /* Pods */,
				CD57F11CD83E7D751340F042 /* Frameworks */,
			);
			sourceTree = "<group>";
		};
		B7D3A3461BA68387008634B9 /* Products */ = {
			isa = PBXGroup;
			children = (
				B7D3A3451BA68387008634B9 /* LiWuShuoSwift.app */,
			);
			name = Products;
			sourceTree = "<group>";
		};
		B7D3A3471BA68387008634B9 /* LiWuShuoSwift */ = {
			isa = PBXGroup;
			children = (
				B7F492791BAE979E0035E409 /* Model */,
				B7B7808C1BAE6692007B2CB4 /* Default-568h@2x.png */,
				B798472B1BAD092100B6ED60 /* NetWork */,
				B7E184F31BA6BBBA002E7169 /* Views */,
				B7D3A3601BA696FE008634B9 /* Controllers */,
				B7D3A35F1BA696DC008634B9 /* Others */,
				B7D3A35E1BA696C7008634B9 /* Headers */,
				B7D3A34F1BA68387008634B9 /* Assets.xcassets */,
				B7B7808A1BAE6669007B2CB4 /* Images.xcassets */,
			);
			path = LiWuShuoSwift;
			sourceTree = "<group>";
		};
		B7D3A35E1BA696C7008634B9 /* Headers */ = {
			isa = PBXGroup;
			children = (
				B7D3A35B1BA691F5008634B9 /* BridgingHeader.h */,
				B7D3A35C1BA696AE008634B9 /* CommonDefine.h */,
				B7D3A35D1BA696AE008634B9 /* InterFaceDefine.h */,
			);
			name = Headers;
			sourceTree = "<group>";
		};
		B7D3A35F1BA696DC008634B9 /* Others */ = {
			isa = PBXGroup;
			children = (
				B7D3A3611BA6A339008634B9 /* SnapKit */,
				B7D3A3541BA68387008634B9 /* Info.plist */,
				B7D3A3511BA68387008634B9 /* LaunchScreen.storyboard */,
				B7D3A3481BA68387008634B9 /* AppDelegate.swift */,
			);
			name = Others;
			sourceTree = "<group>";
		};
		B7D3A3601BA696FE008634B9 /* Controllers */ = {
			isa = PBXGroup;
			children = (
				B7D3A3821BA6A89E008634B9 /* My */,
				B7D3A3811BA6A895008634B9 /* Type */,
				B7D3A3801BA6A874008634B9 /* item */,
				B7D3A37F1BA6A84E008634B9 /* Home */,
				B7D3A37D1BA6A845008634B9 /* InterFace.swift */,
			);
			name = Controllers;
			sourceTree = "<group>";
		};
		B7D3A3611BA6A339008634B9 /* SnapKit */ = {
			isa = PBXGroup;
			children = (
				B7D3A3621BA6A339008634B9 /* Constraint.swift */,
				B7D3A3631BA6A339008634B9 /* ConstraintAttributes.swift */,
				B7D3A3641BA6A339008634B9 /* ConstraintDescription.swift */,
				B7D3A3651BA6A339008634B9 /* ConstraintItem.swift */,
				B7D3A3661BA6A339008634B9 /* ConstraintMaker.swift */,
				B7D3A3671BA6A339008634B9 /* ConstraintRelation.swift */,
				B7D3A3681BA6A339008634B9 /* Debugging.swift */,
				B7D3A3691BA6A339008634B9 /* EdgeInsets.swift */,
				B7D3A36A1BA6A339008634B9 /* Info.plist */,
				B7D3A36B1BA6A339008634B9 /* LayoutConstraint.swift */,
				B7D3A36C1BA6A339008634B9 /* SnapKit.h */,
				B7D3A36D1BA6A339008634B9 /* SnapKit.swift */,
				B7D3A36E1BA6A339008634B9 /* View+SnapKit.swift */,
				B7D3A36F1BA6A339008634B9 /* ViewController+SnapKit.swift */,
			);
			path = SnapKit;
			sourceTree = "<group>";
		};
		B7D3A37F1BA6A84E008634B9 /* Home */ = {
			isa = PBXGroup;
			children = (
				B7D3A3871BA6A8DD008634B9 /* HomeViewController.swift */,
				B7D3A3881BA6A8DD008634B9 /* HomeViewController.xib */,
			);
			name = Home;
			sourceTree = "<group>";
		};
		B7D3A3801BA6A874008634B9 /* item */ = {
			isa = PBXGroup;
			children = (
				B7D3A38B1BA6A8F2008634B9 /* ItemViewController.swift */,
				B7D3A38C1BA6A8F2008634B9 /* ItemViewController.xib */,
			);
			name = item;
			sourceTree = "<group>";
		};
		B7D3A3811BA6A895008634B9 /* Type */ = {
			isa = PBXGroup;
			children = (
				B7D3A38F1BA6A8FF008634B9 /* TypeViewController.swift */,
				B7D3A3901BA6A8FF008634B9 /* TypeViewController.xib */,
			);
			name = Type;
			sourceTree = "<group>";
		};
		B7D3A3821BA6A89E008634B9 /* My */ = {
			isa = PBXGroup;
			children = (
				B7D3A3931BA6A90A008634B9 /* MyViewController.swift */,
				B7D3A3941BA6A90A008634B9 /* MyViewController.xib */,
			);
			name = My;
			sourceTree = "<group>";
		};
		B7E184F31BA6BBBA002E7169 /* Views */ = {
			isa = PBXGroup;
			children = (
				B7E184F41BA6BBC9002E7169 /* Home */,
			);
			name = Views;
			sourceTree = "<group>";
		};
		B7E184F41BA6BBC9002E7169 /* Home */ = {
			isa = PBXGroup;
			children = (
				B7F492841BAEBC1C0035E409 /* ScrollerModelHeader.m */,
				B7F4927E1BAEB1C50035E409 /* ScrollewTableViewCell.h */,
				B7F4927F1BAEB1C50035E409 /* ScrollewTableViewCell.m */,
				B7E184F51BA6BBEF002E7169 /* SegView.swift */,
				B7F492811BAEB5A40035E409 /* ScrollerModelHeader.h */,
				B78E0B601BB4F90300DF0356 /* ContentTableViewCell.swift */,
				B78E0B611BB4F90300DF0356 /* ContentTableViewCell.xib */,
			);
			name = Home;
			sourceTree = "<group>";
		};
		B7F492791BAE979E0035E409 /* Model */ = {
			isa = PBXGroup;
			children = (
				B7F4927A1BAE97C00035E409 /* LWSHomeModel.swift */,
			);
			name = Model;
			sourceTree = "<group>";
		};
		CD57F11CD83E7D751340F042 /* Frameworks */ = {
			isa = PBXGroup;
			children = (
				B7B780881BAE6643007B2CB4 /* CoreFoundation.framework */,
				B7B780861BAE63B6007B2CB4 /* Foundation.framework */,
				739ECACC688DDFD9F5331E4E /* libPods.a */,
			);
			name = Frameworks;
			sourceTree = "<group>";
		};
/* End PBXGroup section */

/* Begin PBXNativeTarget section */
		B7D3A3441BA68387008634B9 /* LiWuShuoSwift */ = {
			isa = PBXNativeTarget;
			buildConfigurationList = B7D3A3571BA68387008634B9 /* Build configuration list for PBXNativeTarget "LiWuShuoSwift" */;
			buildPhases = (
				8D49A1203240BA891DE6629E /* Check Pods Manifest.lock */,
				B7D3A3411BA68387008634B9 /* Sources */,
				B7D3A3421BA68387008634B9 /* Frameworks */,
				B7D3A3431BA68387008634B9 /* Resources */,
				7DB63257AB4F34CCD3FC11C9 /* Copy Pods Resources */,
			);
			buildRules = (
			);
			dependencies = (
			);
			name = LiWuShuoSwift;
			productName = LiWuShuoSwift;
			productReference = B7D3A3451BA68387008634B9 /* LiWuShuoSwift.app */;
			productType = "com.apple.product-type.application";
		};
/* End PBXNativeTarget section */

/* Begin PBXProject section */
		B7D3A33D1BA68387008634B9 /* Project object */ = {
			isa = PBXProject;
			attributes = {
				LastSwiftUpdateCheck = 0700;
				LastUpgradeCheck = 0700;
				ORGANIZATIONNAME = "徐继垚";
				TargetAttributes = {
					B7D3A3441BA68387008634B9 = {
						CreatedOnToolsVersion = 7.0;
						DevelopmentTeam = 37TG54688H;
					};
				};
			};
			buildConfigurationList = B7D3A3401BA68387008634B9 /* Build configuration list for PBXProject "LiWuShuoSwift" */;
			compatibilityVersion = "Xcode 3.2";
			developmentRegion = English;
			hasScannedForEncodings = 0;
			knownRegions = (
				en,
				Base,
			);
			mainGroup = B7D3A33C1BA68387008634B9;
			productRefGroup = B7D3A3461BA68387008634B9 /* Products */;
			projectDirPath = "";
			projectRoot = "";
			targets = (
				B7D3A3441BA68387008634B9 /* LiWuShuoSwift */,
			);
		};
/* End PBXProject section */

/* Begin PBXResourcesBuildPhase section */
		B7D3A3431BA68387008634B9 /* Resources */ = {
			isa = PBXResourcesBuildPhase;
			buildActionMask = 2147483647;
			files = (
				B7D3A3781BA6A339008634B9 /* Info.plist in Resources */,
				B7B7808B1BAE6669007B2CB4 /* Images.xcassets in Resources */,
				B7B7808D1BAE6692007B2CB4 /* Default-568h@2x.png in Resources */,
				B7D3A38E1BA6A8F2008634B9 /* ItemViewController.xib in Resources */,
				B7D3A3961BA6A90A008634B9 /* MyViewController.xib in Resources */,
				B7D3A3531BA68387008634B9 /* LaunchScreen.storyboard in Resources */,
				B7D3A38A1BA6A8DD008634B9 /* HomeViewController.xib in Resources */,
				B7D3A3921BA6A8FF008634B9 /* TypeViewController.xib in Resources */,
				B7D3A3501BA68387008634B9 /* Assets.xcassets in Resources */,
				B78E0B631BB4F90300DF0356 /* ContentTableViewCell.xib in Resources */,
			);
			runOnlyForDeploymentPostprocessing = 0;
		};
/* End PBXResourcesBuildPhase section */

/* Begin PBXShellScriptBuildPhase section */
		7DB63257AB4F34CCD3FC11C9 /* Copy Pods Resources */ = {
			isa = PBXShellScriptBuildPhase;
			buildActionMask = 2147483647;
			files = (
			);
			inputPaths = (
			);
			name = "Copy Pods Resources";
			outputPaths = (
			);
			runOnlyForDeploymentPostprocessing = 0;
			shellPath = /bin/sh;
			shellScript = "\"${SRCROOT}/Pods/Target Support Files/Pods/Pods-resources.sh\"\n";
			showEnvVarsInLog = 0;
		};
		8D49A1203240BA891DE6629E /* Check Pods Manifest.lock */ = {
			isa = PBXShellScriptBuildPhase;
			buildActionMask = 2147483647;
			files = (
			);
			inputPaths = (
			);
			name = "Check Pods Manifest.lock";
			outputPaths = (
			);
			runOnlyForDeploymentPostprocessing = 0;
			shellPath = /bin/sh;
			shellScript = "diff \"${PODS_ROOT}/../Podfile.lock\" \"${PODS_ROOT}/Manifest.lock\" > /dev/null\nif [[ $? != 0 ]] ; then\n    cat << EOM\nerror: The sandbox is not in sync with the Podfile.lock. Run 'pod install' or update your CocoaPods installation.\nEOM\n    exit 1\nfi\n";
			showEnvVarsInLog = 0;
		};
/* End PBXShellScriptBuildPhase section */

/* Begin PBXSourcesBuildPhase section */
		B7D3A3411BA68387008634B9 /* Sources */ = {
			isa = PBXSourcesBuildPhase;
			buildActionMask = 2147483647;
			files = (
				B7F492851BAEBC1C0035E409 /* ScrollerModelHeader.m in Sources */,
				B7D3A3701BA6A339008634B9 /* Constraint.swift in Sources */,
				B7D3A3791BA6A339008634B9 /* LayoutConstraint.swift in Sources */,
				B7D3A3761BA6A339008634B9 /* Debugging.swift in Sources */,
				B7D3A3891BA6A8DD008634B9 /* HomeViewController.swift in Sources */,
				B7D3A3771BA6A339008634B9 /* EdgeInsets.swift in Sources */,
				B7D3A3711BA6A339008634B9 /* ConstraintAttributes.swift in Sources */,
				B7D3A3741BA6A339008634B9 /* ConstraintMaker.swift in Sources */,
				B7D3A3951BA6A90A008634B9 /* MyViewController.swift in Sources */,
				B7F492801BAEB1C50035E409 /* ScrollewTableViewCell.m in Sources */,
				B7D3A37C1BA6A339008634B9 /* ViewController+SnapKit.swift in Sources */,
				B7D3A3491BA68387008634B9 /* AppDelegate.swift in Sources */,
				B798472D1BAD094000B6ED60 /* NetWorkRequestHelper.swift in Sources */,
				B7D3A3721BA6A339008634B9 /* ConstraintDescription.swift in Sources */,
				B7F4927B1BAE97C00035E409 /* LWSHomeModel.swift in Sources */,
				B7D3A3751BA6A339008634B9 /* ConstraintRelation.swift in Sources */,
				B7D3A3911BA6A8FF008634B9 /* TypeViewController.swift in Sources */,
				B7D3A37A1BA6A339008634B9 /* SnapKit.swift in Sources */,
				B7D3A3731BA6A339008634B9 /* ConstraintItem.swift in Sources */,
				B798472F1BAD095400B6ED60 /* NetWorkRequestInfo.swift in Sources */,
				B7E184F61BA6BBEF002E7169 /* SegView.swift in Sources */,
				B7D3A38D1BA6A8F2008634B9 /* ItemViewController.swift in Sources */,
				B7D3A37B1BA6A339008634B9 /* View+SnapKit.swift in Sources */,
				B7D3A37E1BA6A845008634B9 /* InterFace.swift in Sources */,
				B78E0B621BB4F90300DF0356 /* ContentTableViewCell.swift in Sources */,
			);
			runOnlyForDeploymentPostprocessing = 0;
		};
/* End PBXSourcesBuildPhase section */

/* Begin PBXVariantGroup section */
		B7D3A3511BA68387008634B9 /* LaunchScreen.storyboard */ = {
			isa = PBXVariantGroup;
			children = (
				B7D3A3521BA68387008634B9 /* Base */,
			);
			name = LaunchScreen.storyboard;
			sourceTree = "<group>";
		};
/* End PBXVariantGroup section */

/* Begin XCBuildConfiguration section */
		B7D3A3551BA68387008634B9 /* Debug */ = {
			isa = XCBuildConfiguration;
			buildSettings = {
				ALWAYS_SEARCH_USER_PATHS = NO;
				CLANG_CXX_LANGUAGE_STANDARD = "gnu++0x";
				CLANG_CXX_LIBRARY = "libc++";
				CLANG_ENABLE_MODULES = YES;
				CLANG_ENABLE_OBJC_ARC = YES;
				CLANG_WARN_BOOL_CONVERSION = YES;
				CLANG_WARN_CONSTANT_CONVERSION = YES;
				CLANG_WARN_DIRECT_OBJC_ISA_USAGE = YES_ERROR;
				CLANG_WARN_EMPTY_BODY = YES;
				CLANG_WARN_ENUM_CONVERSION = YES;
				CLANG_WARN_INT_CONVERSION = YES;
				CLANG_WARN_OBJC_ROOT_CLASS = YES_ERROR;
				CLANG_WARN_UNREACHABLE_CODE = YES;
				CLANG_WARN__DUPLICATE_METHOD_MATCH = YES;
				"CODE_SIGN_IDENTITY[sdk=iphoneos*]" = "iPhone Developer";
				COPY_PHASE_STRIP = NO;
				DEBUG_INFORMATION_FORMAT = dwarf;
				ENABLE_STRICT_OBJC_MSGSEND = YES;
				ENABLE_TESTABILITY = YES;
				GCC_C_LANGUAGE_STANDARD = gnu99;
				GCC_DYNAMIC_NO_PIC = NO;
				GCC_NO_COMMON_BLOCKS = YES;
				GCC_OPTIMIZATION_LEVEL = 0;
				GCC_PREPROCESSOR_DEFINITIONS = (
					"DEBUG=1",
					"$(inherited)",
				);
				GCC_WARN_64_TO_32_BIT_CONVERSION = YES;
				GCC_WARN_ABOUT_RETURN_TYPE = YES_ERROR;
				GCC_WARN_UNDECLARED_SELECTOR = YES;
				GCC_WARN_UNINITIALIZED_AUTOS = YES_AGGRESSIVE;
				GCC_WARN_UNUSED_FUNCTION = YES;
				GCC_WARN_UNUSED_VARIABLE = YES;
				IPHONEOS_DEPLOYMENT_TARGET = 7.0;
				MTL_ENABLE_DEBUG_INFO = YES;
				ONLY_ACTIVE_ARCH = YES;
				SDKROOT = iphoneos;
				SEPARATE_SYMBOL_EDIT = NO;
				SWIFT_OBJC_BRIDGING_HEADER = BridgingHeader.h;
				SWIFT_OPTIMIZATION_LEVEL = "-Onone";
			};
			name = Debug;
		};
		B7D3A3561BA68387008634B9 /* Release */ = {
			isa = XCBuildConfiguration;
			buildSettings = {
				ALWAYS_SEARCH_USER_PATHS = NO;
				CLANG_CXX_LANGUAGE_STANDARD = "gnu++0x";
				CLANG_CXX_LIBRARY = "libc++";
				CLANG_ENABLE_MODULES = YES;
				CLANG_ENABLE_OBJC_ARC = YES;
				CLANG_WARN_BOOL_CONVERSION = YES;
				CLANG_WARN_CONSTANT_CONVERSION = YES;
				CLANG_WARN_DIRECT_OBJC_ISA_USAGE = YES_ERROR;
				CLANG_WARN_EMPTY_BODY = YES;
				CLANG_WARN_ENUM_CONVERSION = YES;
				CLANG_WARN_INT_CONVERSION = YES;
				CLANG_WARN_OBJC_ROOT_CLASS = YES_ERROR;
				CLANG_WARN_UNREACHABLE_CODE = YES;
				CLANG_WARN__DUPLICATE_METHOD_MATCH = YES;
				"CODE_SIGN_IDENTITY[sdk=iphoneos*]" = "iPhone Developer";
				COPY_PHASE_STRIP = NO;
				DEBUG_INFORMATION_FORMAT = "dwarf-with-dsym";
				ENABLE_NS_ASSERTIONS = NO;
				ENABLE_STRICT_OBJC_MSGSEND = YES;
				GCC_C_LANGUAGE_STANDARD = gnu99;
				GCC_NO_COMMON_BLOCKS = YES;
				GCC_WARN_64_TO_32_BIT_CONVERSION = YES;
				GCC_WARN_ABOUT_RETURN_TYPE = YES_ERROR;
				GCC_WARN_UNDECLARED_SELECTOR = YES;
				GCC_WARN_UNINITIALIZED_AUTOS = YES_AGGRESSIVE;
				GCC_WARN_UNUSED_FUNCTION = YES;
				GCC_WARN_UNUSED_VARIABLE = YES;
				IPHONEOS_DEPLOYMENT_TARGET = 7.0;
				MTL_ENABLE_DEBUG_INFO = NO;
				SDKROOT = iphoneos;
				SEPARATE_SYMBOL_EDIT = NO;
				SWIFT_OBJC_BRIDGING_HEADER = BridgingHeader.h;
				VALIDATE_PRODUCT = YES;
			};
			name = Release;
		};
		B7D3A3581BA68387008634B9 /* Debug */ = {
			isa = XCBuildConfiguration;
			baseConfigurationReference = A5284BC48C4090C4408E1B6D /* Pods.debug.xcconfig */;
			buildSettings = {
				ASSETCATALOG_COMPILER_APPICON_NAME = AppIcon;
				CODE_SIGN_IDENTITY = "iPhone Developer";
				INFOPLIST_FILE = LiWuShuoSwift/Info.plist;
				IPHONEOS_DEPLOYMENT_TARGET = 7.0;
				LD_RUNPATH_SEARCH_PATHS = "$(inherited) @executable_path/Frameworks";
				PRODUCT_BUNDLE_IDENTIFIER = com.xujiyao.LiWuShuoSwift;
				PRODUCT_NAME = "$(TARGET_NAME)";
				SWIFT_OBJC_BRIDGING_HEADER = "$(SRCROOT)/LiWuShuoSwift/BridgingHeader.h";
			};
			name = Debug;
		};
		B7D3A3591BA68387008634B9 /* Release */ = {
			isa = XCBuildConfiguration;
			baseConfigurationReference = 65C9F00BCEC27D9DC6FEC986 /* Pods.release.xcconfig */;
			buildSettings = {
				ASSETCATALOG_COMPILER_APPICON_NAME = AppIcon;
				CODE_SIGN_IDENTITY = "iPhone Developer";
				INFOPLIST_FILE = LiWuShuoSwift/Info.plist;
				IPHONEOS_DEPLOYMENT_TARGET = 7.0;
				LD_RUNPATH_SEARCH_PATHS = "$(inherited) @executable_path/Frameworks";
				PRODUCT_BUNDLE_IDENTIFIER = com.xujiyao.LiWuShuoSwift;
				PRODUCT_NAME = "$(TARGET_NAME)";
				SWIFT_OBJC_BRIDGING_HEADER = "$(SRCROOT)/LiWuShuoSwift/BridgingHeader.h";
			};
			name = Release;
		};
/* End XCBuildConfiguration section */

/* Begin XCConfigurationList section */
		B7D3A3401BA68387008634B9 /* Build configuration list for PBXProject "LiWuShuoSwift" */ = {
			isa = XCConfigurationList;
			buildConfigurations = (
				B7D3A3551BA68387008634B9 /* Debug */,
				B7D3A3561BA68387008634B9 /* Release */,
			);
			defaultConfigurationIsVisible = 0;
			defaultConfigurationName = Release;
		};
		B7D3A3571BA68387008634B9 /* Build configuration list for PBXNativeTarget "LiWuShuoSwift" */ = {
			isa = XCConfigurationList;
			buildConfigurations = (
				B7D3A3581BA68387008634B9 /* Debug */,
				B7D3A3591BA68387008634B9 /* Release */,
			);
			defaultConfigurationIsVisible = 0;
			defaultConfigurationName = Release;
		};
/* End XCConfigurationList section */
	};
	rootObject = B7D3A33D1BA68387008634B9 /* Project object */;
}
